Microsoft Visual Studio Solution File, Format Version 11.00
# Visual Studio 2008

Project("{6E0F588D-F348-334B-08E7-DE82563EE59B}") = "Feup_TowerDefense", "Assembly-CSharp-vs.csproj", "{40926D62-F500-DDD9-197C-DEB814CE17C6}"
EndProject
Global
	GlobalSection(SolutionConfigurationPlatforms) = preSolution
		Debug|Any CPU = Debug|Any CPU
		Release|Any CPU = Release|Any CPU
	EndGlobalSection
	GlobalSection(ProjectConfigurationPlatforms) = postSolution
		{40926D62-F500-DDD9-197C-DEB814CE17C6}.Debug|Any CPU.ActiveCfg = Debug|Any CPU
		{40926D62-F500-DDD9-197C-DEB814CE17C6}.Debug|Any CPU.Build.0 = Debug|Any CPU
		{40926D62-F500-DDD9-197C-DEB814CE17C6}.Release|Any CPU.ActiveCfg = Release|Any CPU
		{40926D62-F500-DDD9-197C-DEB814CE17C6}.Release|Any CPU.Build.0 = Release|Any CPU
	EndGlobalSection
	GlobalSection(SolutionProperties) = preSolution
		HideSolutionNode = FALSE
	EndGlobalSection
																																	GlobalSection(MonoDevelopProperties) = preSolution
=======
																			GlobalSection(MonoDevelopProperties) = preSolution
>>>>>>> origin/master
=======
															GlobalSection(MonoDevelopProperties) = preSolution
>>>>>>> origin/master

=======
																																																																																	GlobalSection(MonoDevelopProperties) = preSolution
=======
																																																																																GlobalSection(MonoDevelopProperties) = preSolution
>>>>>>> Stashed changes
=======
																																																									GlobalSection(MonoDevelopProperties) = preSolution
>>>>>>> Stashed changes
=======
																																																																		GlobalSection(MonoDevelopProperties) = preSolution
>>>>>>> origin/master
=======
																																															GlobalSection(MonoDevelopProperties) = preSolution
>>>>>>> b3e0bb0a1ef0ae4162b6f31fdda12d65c8769de5
=======
																											GlobalSection(MonoDevelopProperties) = preSolution
>>>>>>> origin/master
>>>>>>> Stashed changes
		StartupItem = Assembly-CSharp.csproj
		Policies = $0
		$0.TextStylePolicy = $1
		$1.inheritsSet = null
		$1.scope = text/x-csharp
		$0.CSharpFormattingPolicy = $2
		$2.inheritsSet = Mono
		$2.inheritsScope = text/x-csharp
		$2.scope = text/x-csharp
		$0.TextStylePolicy = $3
		$3.FileWidth = 120
		$3.TabWidth = 4
		$3.IndentWidth = 4
		$3.EolMarker = Unix
		$3.inheritsSet = Mono
		$3.inheritsScope = text/plain
		$3.scope = text/plain
	EndGlobalSection

EndGlobal
